// !$*UTF8*$!
{
	archiveVersion = 1;
	classes = {
	};
	objectVersion = 48;
	objects = {

/* Begin PBXBuildFile section */
		B98BC521204AF15000198C15 /* AppDelegate.swift in Sources */ = {isa = PBXBuildFile; fileRef = B98BC520204AF15000198C15 /* AppDelegate.swift */; };
		B98BC523204AF15000198C15 /* ViewController.swift in Sources */ = {isa = PBXBuildFile; fileRef = B98BC522204AF15000198C15 /* ViewController.swift */; };
		B98BC526204AF15000198C15 /* Main.storyboard in Resources */ = {isa = PBXBuildFile; fileRef = B98BC524204AF15000198C15 /* Main.storyboard */; };
		B98BC528204AF15000198C15 /* Assets.xcassets in Resources */ = {isa = PBXBuildFile; fileRef = B98BC527204AF15000198C15 /* Assets.xcassets */; };
		B98BC52B204AF15000198C15 /* LaunchScreen.storyboard in Resources */ = {isa = PBXBuildFile; fileRef = B98BC529204AF15000198C15 /* LaunchScreen.storyboard */; };
		B98BC533204AF18100198C15 /* YCCalloutMenuView.swift in Sources */ = {isa = PBXBuildFile; fileRef = B98BC532204AF18100198C15 /* YCCalloutMenuView.swift */; };
/* End PBXBuildFile section */

/* Begin PBXFileReference section */
		B98BC51D204AF15000198C15 /* YCCalloutMenu.app */ = {isa = PBXFileReference; explicitFileType = wrapper.application; includeInIndex = 0; path = YCCalloutMenu.app; sourceTree = BUILT_PRODUCTS_DIR; };
		B98BC520204AF15000198C15 /* AppDelegate.swift */ = {isa = PBXFileReference; lastKnownFileType = sourcecode.swift; path = AppDelegate.swift; sourceTree = "<group>"; };
		B98BC522204AF15000198C15 /* ViewController.swift */ = {isa = PBXFileReference; lastKnownFileType = sourcecode.swift; path = ViewController.swift; sourceTree = "<group>"; };
		B98BC525204AF15000198C15 /* Base */ = {isa = PBXFileReference; lastKnownFileType = file.storyboard; name = Base; path = Base.lproj/Main.storyboard; sourceTree = "<group>"; };
		B98BC527204AF15000198C15 /* Assets.xcassets */ = {isa = PBXFileReference; lastKnownFileType = folder.assetcatalog; path = Assets.xcassets; sourceTree = "<group>"; };
		B98BC52A204AF15000198C15 /* Base */ = {isa = PBXFileReference; lastKnownFileType = file.storyboard; name = Base; path = Base.lproj/LaunchScreen.storyboard; sourceTree = "<group>"; };
		B98BC52C204AF15000198C15 /* Info.plist */ = {isa = PBXFileReference; lastKnownFileType = text.plist.xml; path = Info.plist; sourceTree = "<group>"; };
		B98BC532204AF18100198C15 /* YCCalloutMenuView.swift */ = {isa = PBXFileReference; lastKnownFileType = sourcecode.swift; path = YCCalloutMenuView.swift; sourceTree = "<group>"; };
/* End PBXFileReference section */

/* Begin PBXFrameworksBuildPhase section */
		B98BC51A204AF15000198C15 /* Frameworks */ = {
			isa = PBXFrameworksBuildPhase;
			buildActionMask = 2147483647;
			files = (
			);
			runOnlyForDeploymentPostprocessing = 0;
		};
/* End PBXFrameworksBuildPhase section */

/* Begin PBXGroup section */
		B98BC514204AF15000198C15 = {
			isa = PBXGroup;
			children = (
				B98BC51F204AF15000198C15 /* YCCalloutMenu */,
				B98BC51E204AF15000198C15 /* Products */,
			);
			sourceTree = "<group>";
		};
		B98BC51E204AF15000198C15 /* Products */ = {
			isa = PBXGroup;
			children = (
				B98BC51D204AF15000198C15 /* YCCalloutMenu.app */,
			);
			name = Products;
			sourceTree = "<group>";
		};
		B98BC51F204AF15000198C15 /* YCCalloutMenu */ = {
			isa = PBXGroup;
			children = (
				B98BC520204AF15000198C15 /* AppDelegate.swift */,
				B98BC522204AF15000198C15 /* ViewController.swift */,
				B98BC532204AF18100198C15 /* YCCalloutMenuView.swift */,
				B98BC524204AF15000198C15 /* Main.storyboard */,
				B98BC527204AF15000198C15 /* Assets.xcassets */,
				B98BC529204AF15000198C15 /* LaunchScreen.storyboard */,
				B98BC52C204AF15000198C15 /* Info.plist */,
			);
			path = YCCalloutMenu;
			sourceTree = "<group>";
		};
/* End PBXGroup section */

/* Begin PBXNativeTarget section */
		B98BC51C204AF15000198C15 /* YCCalloutMenu */ = {
			isa = PBXNativeTarget;
			buildConfigurationList = B98BC52F204AF15000198C15 /* Build configuration list for PBXNativeTarget "YCCalloutMenu" */;
			buildPhases = (
				B98BC519204AF15000198C15 /* Sources */,
				B98BC51A204AF15000198C15 /* Frameworks */,
				B98BC51B204AF15000198C15 /* Resources */,
			);
			buildRules = (
			);
			dependencies = (
			);
			name = YCCalloutMenu;
			productName = YCCalloutMenu;
			productReference = B98BC51D204AF15000198C15 /* YCCalloutMenu.app */;
			productType = "com.apple.product-type.application";
		};
/* End PBXNativeTarget section */

/* Begin PBXProject section */
		B98BC515204AF15000198C15 /* Project object */ = {
			isa = PBXProject;
			attributes = {
				LastSwiftUpdateCheck = 0920;
				LastUpgradeCheck = 0920;
				ORGANIZATIONNAME = yuanchao;
				TargetAttributes = {
					B98BC51C204AF15000198C15 = {
						CreatedOnToolsVersion = 9.2;
						ProvisioningStyle = Automatic;
					};
				};
			};
			buildConfigurationList = B98BC518204AF15000198C15 /* Build configuration list for PBXProject "YCCalloutMenu" */;
			compatibilityVersion = "Xcode 8.0";
			developmentRegion = en;
			hasScannedForEncodings = 0;
			knownRegions = (
				en,
				Base,
			);
			mainGroup = B98BC514204AF15000198C15;
			productRefGroup = B98BC51E204AF15000198C15 /* Products */;
			projectDirPath = "";
			projectRoot = "";
			targets = (
				B98BC51C204AF15000198C15 /* YCCalloutMenu */,
			);
		};
/* End PBXProject section */

/* Begin PBXResourcesBuildPhase section */
		B98BC51B204AF15000198C15 /* Resources */ = {
			isa = PBXResourcesBuildPhase;
			buildActionMask = 2147483647;
			files = (
				B98BC52B204AF15000198C15 /* LaunchScreen.storyboard in Resources */,
				B98BC528204AF15000198C15 /* Assets.xcassets in Resources */,
				B98BC526204AF15000198C15 /* Main.storyboard in Resources */,
			);
			runOnlyForDeploymentPostprocessing = 0;
		};
/* End PBXResourcesBuildPhase section */

/* Begin PBXSourcesBuildPhase section */
		B98BC519204AF15000198C15 /* Sources */ = {
			isa = PBXSourcesBuildPhase;
			buildActionMask = 2147483647;
			files = (
				B98BC533204AF18100198C15 /* YCCalloutMenuView.swift in Sources */,
				B98BC523204AF15000198C15 /* ViewController.swift in Sources */,
				B98BC521204AF15000198C15 /* AppDelegate.swift in Sources */,
			);
			runOnlyForDeploymentPostprocessing = 0;
		};
/* End PBXSourcesBuildPhase section */

/* Begin PBXVariantGroup section */
		B98BC524204AF15000198C15 /* Main.storyboard */ = {
			isa = PBXVariantGroup;
			children = (
				B98BC525204AF15000198C15 /* Base */,
			);
			name = Main.storyboard;
			sourceTree = "<group>";
		};
		B98BC529204AF15000198C15 /* LaunchScreen.storyboard */ = {
			isa = PBXVariantGroup;
			children = (
				B98BC52A204AF15000198C15 /* Base */,
			);
			name = LaunchScreen.storyboard;
			sourceTree = "<group>";
		};
/* End PBXVariantGroup section */

/* Begin XCBuildConfiguration section */
		B98BC52D204AF15000198C15 /* Debug */ = {
			isa = XCBuildConfiguration;
			buildSettings = {
				ALWAYS_SEARCH_USER_PATHS = NO;
				CLANG_ANALYZER_NONNULL = YES;
				CLANG_ANALYZER_NUMBER_OBJECT_CONVERSION = YES_AGGRESSIVE;
				CLANG_CXX_LANGUAGE_STANDARD = "gnu++14";
				CLANG_CXX_LIBRARY = "libc++";
				CLANG_ENABLE_MODULES = YES;
				CLANG_ENABLE_OBJC_ARC = YES;
				CLANG_WARN_BLOCK_CAPTURE_AUTORELEASING = YES;
				CLANG_WARN_BOOL_CONVERSION = YES;
				CLANG_WARN_COMMA = YES;
				CLANG_WARN_CONSTANT_CONVERSION = YES;
				CLANG_WARN_DIRECT_OBJC_ISA_USAGE = YES_ERROR;
				CLANG_WARN_DOCUMENTATION_COMMENTS = YES;
				CLANG_WARN_EMPTY_BODY = YES;
				CLANG_WARN_ENUM_CONVERSION = YES;
				CLANG_WARN_INFINITE_RECURSION = YES;
				CLANG_WARN_INT_CONVERSION = YES;
				CLANG_WARN_NON_LITERAL_NULL_CONVERSION = YES;
				CLANG_WARN_OBJC_LITERAL_CONVERSION = YES;
				CLANG_WARN_OBJC_ROOT_CLASS = YES_ERROR;
				CLANG_WARN_RANGE_LOOP_ANALYSIS = YES;
				CLANG_WARN_STRICT_PROTOTYPES = YES;
				CLANG_WARN_SUSPICIOUS_MOVE = YES;
				CLANG_WARN_UNGUARDED_AVAILABILITY = YES_AGGRESSIVE;
				CLANG_WARN_UNREACHABLE_CODE = YES;
				CLANG_WARN__DUPLICATE_METHOD_MATCH = YES;
				CODE_SIGN_IDENTITY = "iPhone Developer";
				COPY_PHASE_STRIP = NO;
				DEBUG_INFORMATION_FORMAT = dwarf;
				ENABLE_STRICT_OBJC_MSGSEND = YES;
				ENABLE_TESTABILITY = YES;
				GCC_C_LANGUAGE_STANDARD = gnu11;
				GCC_DYNAMIC_NO_PIC = NO;
				GCC_NO_COMMON_BLOCKS = YES;
				GCC_OPTIMIZATION_LEVEL = 0;
				GCC_PREPROCESSOR_DEFINITIONS = (
					"DEBUG=1",
					"$(inherited)",
				);
				GCC_WARN_64_TO_32_BIT_CONVERSION = YES;
				GCC_WARN_ABOUT_RETURN_TYPE = YES_ERROR;
				GCC_WARN_UNDECLARED_SELECTOR = YES;
				GCC_WARN_UNINITIALIZED_AUTOS = YES_AGGRESSIVE;
				GCC_WARN_UNUSED_FUNCTION = YES;
				GCC_WARN_UNUSED_VARIABLE = YES;
				IPHONEOS_DEPLOYMENT_TARGET = 11.2;
				MTL_ENABLE_DEBUG_INFO = YES;
				ONLY_ACTIVE_ARCH = YES;
				SDKROOT = iphoneos;
				SWIFT_ACTIVE_COMPILATION_CONDITIONS = DEBUG;
				SWIFT_OPTIMIZATION_LEVEL = "-Onone";
			};
			name = Debug;
		};
		B98BC52E204AF15000198C15 /* Release */ = {
			isa = XCBuildConfiguration;
			buildSettings = {
				ALWAYS_SEARCH_USER_PATHS = NO;
				CLANG_ANALYZER_NONNULL = YES;
				CLANG_ANALYZER_NUMBER_OBJECT_CONVERSION = YES_AGGRESSIVE;
				CLANG_CXX_LANGUAGE_STANDARD = "gnu++14";
				CLANG_CXX_LIBRARY = "libc++";
				CLANG_ENABLE_MODULES = YES;
				CLANG_ENABLE_OBJC_ARC = YES;
				CLANG_WARN_BLOCK_CAPTURE_AUTORELEASING = YES;
				CLANG_WARN_BOOL_CONVERSION = YES;
				CLANG_WARN_COMMA = YES;
				CLANG_WARN_CONSTANT_CONVERSION = YES;
				CLANG_WARN_DIRECT_OBJC_ISA_USAGE = YES_ERROR;
				CLANG_WARN_DOCUMENTATION_COMMENTS = YES;
				CLANG_WARN_EMPTY_BODY = YES;
				CLANG_WARN_ENUM_CONVERSION = YES;
				CLANG_WARN_INFINITE_RECURSION = YES;
				CLANG_WARN_INT_CONVERSION = YES;
				CLANG_WARN_NON_LITERAL_NULL_CONVERSION = YES;
				CLANG_WARN_OBJC_LITERAL_CONVERSION = YES;
				CLANG_WARN_OBJC_ROOT_CLASS = YES_ERROR;
				CLANG_WARN_RANGE_LOOP_ANALYSIS = YES;
				CLANG_WARN_STRICT_PROTOTYPES = YES;
				CLANG_WARN_SUSPICIOUS_MOVE = YES;
				CLANG_WARN_UNGUARDED_AVAILABILITY = YES_AGGRESSIVE;
				CLANG_WARN_UNREACHABLE_CODE = YES;
				CLANG_WARN__DUPLICATE_METHOD_MATCH = YES;
				CODE_SIGN_IDENTITY = "iPhone Developer";
				COPY_PHASE_STRIP = NO;
				DEBUG_INFORMATION_FORMAT = "dwarf-with-dsym";
				ENABLE_NS_ASSERTIONS = NO;
				ENABLE_STRICT_OBJC_MSGSEND = YES;
				GCC_C_LANGUAGE_STANDARD = gnu11;
				GCC_NO_COMMON_BLOCKS = YES;
				GCC_WARN_64_TO_32_BIT_CONVERSION = YES;
				GCC_WARN_ABOUT_RETURN_TYPE = YES_ERROR;
				GCC_WARN_UNDECLARED_SELECTOR = YES;
				GCC_WARN_UNINITIALIZED_AUTOS = YES_AGGRESSIVE;
				GCC_WARN_UNUSED_FUNCTION = YES;
				GCC_WARN_UNUSED_VARIABLE = YES;
				IPHONEOS_DEPLOYMENT_TARGET = 11.2;
				MTL_ENABLE_DEBUG_INFO = NO;
				SDKROOT = iphoneos;
				SWIFT_OPTIMIZATION_LEVEL = "-Owholemodule";
				VALIDATE_PRODUCT = YES;
			};
			name = Release;
		};
		B98BC530204AF15000198C15 /* Debug */ = {
			isa = XCBuildConfiguration;
			buildSettings = {
				ASSETCATALOG_COMPILER_APPICON_NAME = AppIcon;
				CODE_SIGN_STYLE = Automatic;
				INFOPLIST_FILE = YCCalloutMenu/Info.plist;
				LD_RUNPATH_SEARCH_PATHS = "$(inherited) @executable_path/Frameworks";
				PRODUCT_BUNDLE_IDENTIFIER = lekuai.YCCalloutMenu;
				PRODUCT_NAME = "$(TARGET_NAME)";
				SWIFT_VERSION = 4.0;
				TARGETED_DEVICE_FAMILY = "1,2";
			};
			name = Debug;
		};
		B98BC531204AF15000198C15 /* Release */ = {
			isa = XCBuildConfiguration;
			buildSettings = {
				ASSETCATALOG_COMPILER_APPICON_NAME = AppIcon;
				CODE_SIGN_STYLE = Automatic;
				INFOPLIST_FILE = YCCalloutMenu/Info.plist;
				LD_RUNPATH_SEARCH_PATHS = "$(inherited) @executable_path/Frameworks";
				PRODUCT_BUNDLE_IDENTIFIER = lekuai.YCCalloutMenu;
				PRODUCT_NAME = "$(TARGET_NAME)";
				SWIFT_VERSION = 4.0;
				TARGETED_DEVICE_FAMILY = "1,2";
			};
			name = Release;
		};
/* End XCBuildConfiguration section */

/* Begin XCConfigurationList section */
		B98BC518204AF15000198C15 /* Build configuration list for PBXProject "YCCalloutMenu" */ = {
			isa = XCConfigurationList;
			buildConfigurations = (
				B98BC52D204AF15000198C15 /* Debug */,
				B98BC52E204AF15000198C15 /* Release */,
			);
			defaultConfigurationIsVisible = 0;
			defaultConfigurationName = Release;
		};
		B98BC52F204AF15000198C15 /* Build configuration list for PBXNativeTarget "YCCalloutMenu" */ = {
			isa = XCConfigurationList;
			buildConfigurations = (
				B98BC530204AF15000198C15 /* Debug */,
				B98BC531204AF15000198C15 /* Release */,
			);
			defaultConfigurationIsVisible = 0;
			defaultConfigurationName = Release;
		};
/* End XCConfigurationList section */
	};
	rootObject = B98BC515204AF15000198C15 /* Project object */;
}
